// !$*UTF8*$!
{
	archiveVersion = 1;
	classes = {
	};
	objectVersion = 77;
	objects = {

/* Begin PBXBuildFile section */
		07CDA240F28CA4F534693A2A /* RefineView.swift in Sources */ = {isa = PBXBuildFile; fileRef = B7B720FD5B7CCC0031786F1D /* RefineView.swift */; };
		090AF414F35582CB7DBA8CA3 /* RefineProgressView.swift in Sources */ = {isa = PBXBuildFile; fileRef = FD87798E4D6622F313640CB5 /* RefineProgressView.swift */; };
		1DB09B2440A1B060E3CABF0C /* StepListView.swift in Sources */ = {isa = PBXBuildFile; fileRef = D859FA6E1B937AA29A392942 /* StepListView.swift */; };
		23D67101A4F2137DD885B032 /* DependencyChecker.swift in Sources */ = {isa = PBXBuildFile; fileRef = B69E79AA8740BF14CDC02F3E /* DependencyChecker.swift */; };
		28D3A8EA6152BD5E3B3656FE /* StableDiffusion in Frameworks */ = {isa = PBXBuildFile; productRef = 078D7B01F8D516A260C47C7D /* StableDiffusion */; };
		2F9FCED647AE1F3260B3AE3E /* ClaudeCodeService.swift in Sources */ = {isa = PBXBuildFile; fileRef = BAA4AA1400D0A8005F16FC9D /* ClaudeCodeService.swift */; };
		301815F14418B44F12D68E6E /* ProjectAssembler.swift in Sources */ = {isa = PBXBuildFile; fileRef = C3FB52A3FEB7D539EBDFF7FD /* ProjectAssembler.swift */; };
		35EDBA20A32AE39CA31D493F /* FoundryApp.swift in Sources */ = {isa = PBXBuildFile; fileRef = 062329561A5C9490BE3CADA5 /* FoundryApp.swift */; };
		393A7A9567D8321B5D64581D /* PluginCard.swift in Sources */ = {isa = PBXBuildFile; fileRef = 1D573C52800A8C21F640C8EC /* PluginCard.swift */; };
		3AE99668365C08959FB76B1F /* PluginLibraryView.swift in Sources */ = {isa = PBXBuildFile; fileRef = 9861DA9A7D015E767E7908D5 /* PluginLibraryView.swift */; };
		BCEA59E113057D8400522A73 /* WelcomeView.swift in Sources */ = {isa = PBXBuildFile; fileRef = 330DA4467113497C40DE0744 /* WelcomeView.swift */; };
		46F97EDD013A980C36506FC2 /* SetupView.swift in Sources */ = {isa = PBXBuildFile; fileRef = 11F0B8ACE372F6DC5016FB8C /* SetupView.swift */; };
		5C1CFA77E9C4E3D9AB009A51 /* FoundryPaths.swift in Sources */ = {isa = PBXBuildFile; fileRef = 1040BD9D4DE4D2A55075D593 /* FoundryPaths.swift */; };
		618695CF77938A4C12B11984 /* Assets.xcassets in Resources */ = {isa = PBXBuildFile; fileRef = 272AA57049A5DC372AA93659 /* Assets.xcassets */; };
		6D6AEFE51B6FDC1DFB20C16F /* GenerationPipeline.swift in Sources */ = {isa = PBXBuildFile; fileRef = 7C1774C2EE1F0C15BF39B1E7 /* GenerationPipeline.swift */; };
		7256639E17819BF99D5BAA78 /* DependencyListModel.swift in Sources */ = {isa = PBXBuildFile; fileRef = B757385330BAAD1CC592BB96 /* DependencyListModel.swift */; };
		8502215EAB71ADC5A00BED70 /* ResultView.swift in Sources */ = {isa = PBXBuildFile; fileRef = BB4CE5638194D3E319878858 /* ResultView.swift */; };
		86791B8E09C59944FF09FDE1 /* BuildLoopTests.swift in Sources */ = {isa = PBXBuildFile; fileRef = 5E4FA286AB0BFE6410D00E84 /* BuildLoopTests.swift */; };
		86DC86F9E65EB121BAAA6E4B /* PromptView.swift in Sources */ = {isa = PBXBuildFile; fileRef = BB69D6CB5EE2903F1755F2BD /* PromptView.swift */; };
		8F62055B3F66E39E34698C84 /* Plugin.swift in Sources */ = {isa = PBXBuildFile; fileRef = C806DCDABFBFF5C60F776E68 /* Plugin.swift */; };
		9BABB46CC5D63214A68CDB54 /* ErrorView.swift in Sources */ = {isa = PBXBuildFile; fileRef = 412BC7CF60DC740C3DE4DFB1 /* ErrorView.swift */; };
		9DFDEA818E8C4F10CD83C6E9 /* BuildLoop.swift in Sources */ = {isa = PBXBuildFile; fileRef = 59721C7CB1B123A16D085022 /* BuildLoop.swift */; };
		A1265A86DB463593D54DE32F /* AppState.swift in Sources */ = {isa = PBXBuildFile; fileRef = 87DAC6800229A279E461E577 /* AppState.swift */; };
		A944A4D0305412243F43C75B /* ContentView.swift in Sources */ = {isa = PBXBuildFile; fileRef = 782AB7F195D49E942815B984 /* ContentView.swift */; };
		AF2D89AC5EED252B56D3D793 /* SettingsView.swift in Sources */ = {isa = PBXBuildFile; fileRef = F75004640D40807A6FE43589 /* SettingsView.swift */; };
		B5F2D7D605AF8A718025987B /* PluginDetailView.swift in Sources */ = {isa = PBXBuildFile; fileRef = C3EE70BE829D987076CBC625 /* PluginDetailView.swift */; };
		C20595A79857CCEA7F4B232B /* PluginManager.swift in Sources */ = {isa = PBXBuildFile; fileRef = 719F23E3AE94C69D68B3847B /* PluginManager.swift */; };
		CB4E222D4684ECCB9453B609 /* PluginArtworkView.swift in Sources */ = {isa = PBXBuildFile; fileRef = AA3D84E0F9B66518AA9B05F8 /* PluginArtworkView.swift */; };
		D3CFF3BB8CB2AA0D1C23CAFA /* QuickOptionsView.swift in Sources */ = {isa = PBXBuildFile; fileRef = DD63B0B69B661DD62739C874 /* QuickOptionsView.swift */; };
		E02EC21CA9ABD9D13A3CE1E6 /* PluginBundleInspector.swift in Sources */ = {isa = PBXBuildFile; fileRef = 57B605714B9F34F6DF7C8931 /* PluginBundleInspector.swift */; };
		E6460DE362156405A07D20DF /* GenerationQualityEnforcer.swift in Sources */ = {isa = PBXBuildFile; fileRef = 9CECA854D6D9CF69BA7E8F4B /* GenerationQualityEnforcer.swift */; };
		E9B4B7650C26B7875EDF66F5 /* PluginLogoService.swift in Sources */ = {isa = PBXBuildFile; fileRef = 86B86FC5AD40A7F02F1CC6DD /* PluginLogoService.swift */; };
		F5792873BBD9760CE5F175CD /* BuildRunner.swift in Sources */ = {isa = PBXBuildFile; fileRef = 38B4DABF3C7AF6853CB160E3 /* BuildRunner.swift */; };
		FF2CD908198CBA2E80A3013D /* GenerationProgressView.swift in Sources */ = {isa = PBXBuildFile; fileRef = 3AABD14C81BD24623C0607BB /* GenerationProgressView.swift */; };
		FA1B2C3D4E5F6A7B8C9D0E1F /* BuildDirectoryCleaner.swift in Sources */ = {isa = PBXBuildFile; fileRef = FA1B2C3D4E5F6A7B8C9D0E10 /* BuildDirectoryCleaner.swift */; };
		AB1234560000000000000001 /* ClaudeCodeServiceTests.swift in Sources */ = {isa = PBXBuildFile; fileRef = AB1234560000000000000002 /* ClaudeCodeServiceTests.swift */; };
		AB1234560000000000000003 /* PromptContractTests.swift in Sources */ = {isa = PBXBuildFile; fileRef = AB1234560000000000000004 /* PromptContractTests.swift */; };
		C0A1000000000000000000A1 /* FoundryTheme.swift in Sources */ = {isa = PBXBuildFile; fileRef = C0A1000000000000000000B1 /* FoundryTheme.swift */; };
		C0A1000000000000000000A2 /* FoundryHeaderBar.swift in Sources */ = {isa = PBXBuildFile; fileRef = C0A1000000000000000000B2 /* FoundryHeaderBar.swift */; };
		C0A1000000000000000000A3 /* FoundryStatusBar.swift in Sources */ = {isa = PBXBuildFile; fileRef = C0A1000000000000000000B3 /* FoundryStatusBar.swift */; };
		C0A1000000000000000000A4 /* WindowChromeBar.swift in Sources */ = {isa = PBXBuildFile; fileRef = C0A1000000000000000000B4 /* WindowChromeBar.swift */; };
		C0A1000000000000000000A5 /* BadgeView.swift in Sources */ = {isa = PBXBuildFile; fileRef = C0A1000000000000000000B5 /* BadgeView.swift */; };
		C0A1000000000000000000A6 /* BorderedContainer.swift in Sources */ = {isa = PBXBuildFile; fileRef = C0A1000000000000000000B6 /* BorderedContainer.swift */; };
		C0A1000000000000000000A7 /* CustomShapes.swift in Sources */ = {isa = PBXBuildFile; fileRef = C0A1000000000000000000B7 /* CustomShapes.swift */; };
		C0A1000000000000000000A8 /* AbstractArtwork.swift in Sources */ = {isa = PBXBuildFile; fileRef = C0A1000000000000000000B8 /* AbstractArtwork.swift */; };
		C0A1000000000000000000A9 /* TerminalView.swift in Sources */ = {isa = PBXBuildFile; fileRef = C0A1000000000000000000B9 /* TerminalView.swift */; };
		D1F0A2B3C4E5F6A7B8C9D0E2 /* FontLoader.swift in Sources */ = {isa = PBXBuildFile; fileRef = D1F0A2B3C4E5F6A7B8C9D0E1 /* FontLoader.swift */; };
		D1F0A2B3C4E5F6A7B8C9D0E4 /* ArchitypeStedelijkW00.ttf in Resources */ = {isa = PBXBuildFile; fileRef = D1F0A2B3C4E5F6A7B8C9D0E3 /* ArchitypeStedelijkW00.ttf */; };
		A3B7C2D4E5F6A1B2C3D4E5F7 /* AzeretMono.ttf in Resources */ = {isa = PBXBuildFile; fileRef = A3B7C2D4E5F6A1B2C3D4E5F6 /* AzeretMono.ttf */; };
/* End PBXBuildFile section */

/* Begin PBXContainerItemProxy section */
		3F9D309D67FEBA4682BAF953 /* PBXContainerItemProxy */ = {
			isa = PBXContainerItemProxy;
			containerPortal = D7CDA6D887D89C16EFA0C4D7 /* Project object */;
			proxyType = 1;
			remoteGlobalIDString = 7B40409EE3293C3A2B9E01D7;
			remoteInfo = Foundry;
		};
/* End PBXContainerItemProxy section */

/* Begin PBXFileReference section */
		062329561A5C9490BE3CADA5 /* FoundryApp.swift */ = {isa = PBXFileReference; lastKnownFileType = sourcecode.swift; path = FoundryApp.swift; sourceTree = "<group>"; };
		1040BD9D4DE4D2A55075D593 /* FoundryPaths.swift */ = {isa = PBXFileReference; lastKnownFileType = sourcecode.swift; path = FoundryPaths.swift; sourceTree = "<group>"; };
		11F0B8ACE372F6DC5016FB8C /* SetupView.swift */ = {isa = PBXFileReference; lastKnownFileType = sourcecode.swift; path = SetupView.swift; sourceTree = "<group>"; };
		1D573C52800A8C21F640C8EC /* PluginCard.swift */ = {isa = PBXFileReference; lastKnownFileType = sourcecode.swift; path = PluginCard.swift; sourceTree = "<group>"; };
		272AA57049A5DC372AA93659 /* Assets.xcassets */ = {isa = PBXFileReference; lastKnownFileType = folder.assetcatalog; path = Assets.xcassets; sourceTree = "<group>"; };
		2B4EF4CA927624959E2563C5 /* Foundry.app */ = {isa = PBXFileReference; explicitFileType = wrapper.application; includeInIndex = 0; path = Foundry.app; sourceTree = BUILT_PRODUCTS_DIR; };
		38B4DABF3C7AF6853CB160E3 /* BuildRunner.swift */ = {isa = PBXFileReference; lastKnownFileType = sourcecode.swift; path = BuildRunner.swift; sourceTree = "<group>"; };
		FA1B2C3D4E5F6A7B8C9D0E10 /* BuildDirectoryCleaner.swift */ = {isa = PBXFileReference; lastKnownFileType = sourcecode.swift; path = BuildDirectoryCleaner.swift; sourceTree = "<group>"; };
		3AABD14C81BD24623C0607BB /* GenerationProgressView.swift */ = {isa = PBXFileReference; lastKnownFileType = sourcecode.swift; path = GenerationProgressView.swift; sourceTree = "<group>"; };
		412BC7CF60DC740C3DE4DFB1 /* ErrorView.swift */ = {isa = PBXFileReference; lastKnownFileType = sourcecode.swift; path = ErrorView.swift; sourceTree = "<group>"; };
		515C8F264CF27EAF3CAD8EE9 /* FoundryTests.xctest */ = {isa = PBXFileReference; explicitFileType = wrapper.cfbundle; includeInIndex = 0; path = FoundryTests.xctest; sourceTree = BUILT_PRODUCTS_DIR; };
		57B605714B9F34F6DF7C8931 /* PluginBundleInspector.swift */ = {isa = PBXFileReference; lastKnownFileType = sourcecode.swift; path = PluginBundleInspector.swift; sourceTree = "<group>"; };
		59721C7CB1B123A16D085022 /* BuildLoop.swift */ = {isa = PBXFileReference; lastKnownFileType = sourcecode.swift; path = BuildLoop.swift; sourceTree = "<group>"; };
		5E4FA286AB0BFE6410D00E84 /* BuildLoopTests.swift */ = {isa = PBXFileReference; lastKnownFileType = sourcecode.swift; path = BuildLoopTests.swift; sourceTree = "<group>"; };
		AB1234560000000000000002 /* ClaudeCodeServiceTests.swift */ = {isa = PBXFileReference; lastKnownFileType = sourcecode.swift; path = ClaudeCodeServiceTests.swift; sourceTree = "<group>"; };
		AB1234560000000000000004 /* PromptContractTests.swift */ = {isa = PBXFileReference; lastKnownFileType = sourcecode.swift; path = PromptContractTests.swift; sourceTree = "<group>"; };
		719F23E3AE94C69D68B3847B /* PluginManager.swift */ = {isa = PBXFileReference; lastKnownFileType = sourcecode.swift; path = PluginManager.swift; sourceTree = "<group>"; };
		782AB7F195D49E942815B984 /* ContentView.swift */ = {isa = PBXFileReference; lastKnownFileType = sourcecode.swift; path = ContentView.swift; sourceTree = "<group>"; };
		7C1774C2EE1F0C15BF39B1E7 /* GenerationPipeline.swift */ = {isa = PBXFileReference; lastKnownFileType = sourcecode.swift; path = GenerationPipeline.swift; sourceTree = "<group>"; };
		86B86FC5AD40A7F02F1CC6DD /* PluginLogoService.swift */ = {isa = PBXFileReference; lastKnownFileType = sourcecode.swift; path = PluginLogoService.swift; sourceTree = "<group>"; };
		87DAC6800229A279E461E577 /* AppState.swift */ = {isa = PBXFileReference; lastKnownFileType = sourcecode.swift; path = AppState.swift; sourceTree = "<group>"; };
		9861DA9A7D015E767E7908D5 /* PluginLibraryView.swift */ = {isa = PBXFileReference; lastKnownFileType = sourcecode.swift; path = PluginLibraryView.swift; sourceTree = "<group>"; };
		330DA4467113497C40DE0744 /* WelcomeView.swift */ = {isa = PBXFileReference; lastKnownFileType = sourcecode.swift; path = WelcomeView.swift; sourceTree = "<group>"; };
		9CECA854D6D9CF69BA7E8F4B /* GenerationQualityEnforcer.swift */ = {isa = PBXFileReference; lastKnownFileType = sourcecode.swift; path = GenerationQualityEnforcer.swift; sourceTree = "<group>"; };
		AA3D84E0F9B66518AA9B05F8 /* PluginArtworkView.swift */ = {isa = PBXFileReference; lastKnownFileType = sourcecode.swift; path = PluginArtworkView.swift; sourceTree = "<group>"; };
		B69E79AA8740BF14CDC02F3E /* DependencyChecker.swift */ = {isa = PBXFileReference; lastKnownFileType = sourcecode.swift; path = DependencyChecker.swift; sourceTree = "<group>"; };
		B757385330BAAD1CC592BB96 /* DependencyListModel.swift */ = {isa = PBXFileReference; lastKnownFileType = sourcecode.swift; path = DependencyListModel.swift; sourceTree = "<group>"; };
		B7B720FD5B7CCC0031786F1D /* RefineView.swift */ = {isa = PBXFileReference; lastKnownFileType = sourcecode.swift; path = RefineView.swift; sourceTree = "<group>"; };
		BAA4AA1400D0A8005F16FC9D /* ClaudeCodeService.swift */ = {isa = PBXFileReference; lastKnownFileType = sourcecode.swift; path = ClaudeCodeService.swift; sourceTree = "<group>"; };
		BB4CE5638194D3E319878858 /* ResultView.swift */ = {isa = PBXFileReference; lastKnownFileType = sourcecode.swift; path = ResultView.swift; sourceTree = "<group>"; };
		BB69D6CB5EE2903F1755F2BD /* PromptView.swift */ = {isa = PBXFileReference; lastKnownFileType = sourcecode.swift; path = PromptView.swift; sourceTree = "<group>"; };
		C3EE70BE829D987076CBC625 /* PluginDetailView.swift */ = {isa = PBXFileReference; lastKnownFileType = sourcecode.swift; path = PluginDetailView.swift; sourceTree = "<group>"; };
		C3FB52A3FEB7D539EBDFF7FD /* ProjectAssembler.swift */ = {isa = PBXFileReference; lastKnownFileType = sourcecode.swift; path = ProjectAssembler.swift; sourceTree = "<group>"; };
		C806DCDABFBFF5C60F776E68 /* Plugin.swift */ = {isa = PBXFileReference; lastKnownFileType = sourcecode.swift; path = Plugin.swift; sourceTree = "<group>"; };
		D859FA6E1B937AA29A392942 /* StepListView.swift */ = {isa = PBXFileReference; lastKnownFileType = sourcecode.swift; path = StepListView.swift; sourceTree = "<group>"; };
		DD63B0B69B661DD62739C874 /* QuickOptionsView.swift */ = {isa = PBXFileReference; lastKnownFileType = sourcecode.swift; path = QuickOptionsView.swift; sourceTree = "<group>"; };
		F75004640D40807A6FE43589 /* SettingsView.swift */ = {isa = PBXFileReference; lastKnownFileType = sourcecode.swift; path = SettingsView.swift; sourceTree = "<group>"; };
		FD87798E4D6622F313640CB5 /* RefineProgressView.swift */ = {isa = PBXFileReference; lastKnownFileType = sourcecode.swift; path = RefineProgressView.swift; sourceTree = "<group>"; };
		C0A1000000000000000000B1 /* FoundryTheme.swift */ = {isa = PBXFileReference; lastKnownFileType = sourcecode.swift; path = FoundryTheme.swift; sourceTree = "<group>"; };
		C0A1000000000000000000B2 /* FoundryHeaderBar.swift */ = {isa = PBXFileReference; lastKnownFileType = sourcecode.swift; path = FoundryHeaderBar.swift; sourceTree = "<group>"; };
		C0A1000000000000000000B3 /* FoundryStatusBar.swift */ = {isa = PBXFileReference; lastKnownFileType = sourcecode.swift; path = FoundryStatusBar.swift; sourceTree = "<group>"; };
		C0A1000000000000000000B4 /* WindowChromeBar.swift */ = {isa = PBXFileReference; lastKnownFileType = sourcecode.swift; path = WindowChromeBar.swift; sourceTree = "<group>"; };
		C0A1000000000000000000B5 /* BadgeView.swift */ = {isa = PBXFileReference; lastKnownFileType = sourcecode.swift; path = BadgeView.swift; sourceTree = "<group>"; };
		C0A1000000000000000000B6 /* BorderedContainer.swift */ = {isa = PBXFileReference; lastKnownFileType = sourcecode.swift; path = BorderedContainer.swift; sourceTree = "<group>"; };
		C0A1000000000000000000B7 /* CustomShapes.swift */ = {isa = PBXFileReference; lastKnownFileType = sourcecode.swift; path = CustomShapes.swift; sourceTree = "<group>"; };
		C0A1000000000000000000B8 /* AbstractArtwork.swift */ = {isa = PBXFileReference; lastKnownFileType = sourcecode.swift; path = AbstractArtwork.swift; sourceTree = "<group>"; };
		C0A1000000000000000000B9 /* TerminalView.swift */ = {isa = PBXFileReference; lastKnownFileType = sourcecode.swift; path = TerminalView.swift; sourceTree = "<group>"; };
		D1F0A2B3C4E5F6A7B8C9D0E1 /* FontLoader.swift */ = {isa = PBXFileReference; lastKnownFileType = sourcecode.swift; path = FontLoader.swift; sourceTree = "<group>"; };
		D1F0A2B3C4E5F6A7B8C9D0E3 /* ArchitypeStedelijkW00.ttf */ = {isa = PBXFileReference; lastKnownFileType = file; path = ArchitypeStedelijkW00.ttf; sourceTree = "<group>"; };
		A3B7C2D4E5F6A1B2C3D4E5F6 /* AzeretMono.ttf */ = {isa = PBXFileReference; lastKnownFileType = file; path = AzeretMono.ttf; sourceTree = "<group>"; };
/* End PBXFileReference section */

/* Begin PBXFrameworksBuildPhase section */
		1EF97B4312B91CFAD82BB0A3 /* Frameworks */ = {
			isa = PBXFrameworksBuildPhase;
			buildActionMask = 2147483647;
			files = (
				28D3A8EA6152BD5E3B3656FE /* StableDiffusion in Frameworks */,
			);
			runOnlyForDeploymentPostprocessing = 0;
		};
/* End PBXFrameworksBuildPhase section */

/* Begin PBXGroup section */
		0A106A4E06B6D2B1B97935AA = {
			isa = PBXGroup;
			children = (
				AE279E737A448DF8A68005C7 /* Foundry */,
				0BD2B3161C37570E352446E8 /* FoundryTests */,
				C9003C9EFED114768A3BEE3B /* Products */,
			);
			sourceTree = "<group>";
		};
		0BD2B3161C37570E352446E8 /* FoundryTests */ = {
			isa = PBXGroup;
			children = (
				5E4FA286AB0BFE6410D00E84 /* BuildLoopTests.swift */,
				AB1234560000000000000002 /* ClaudeCodeServiceTests.swift */,
				AB1234560000000000000004 /* PromptContractTests.swift */,
			);
			path = FoundryTests;
			sourceTree = "<group>";
		};
		55C30D0A6DF15677590182EE /* Components */ = {
			isa = PBXGroup;
			children = (
				C0A1000000000000000000B8 /* AbstractArtwork.swift */,
				C0A1000000000000000000B5 /* BadgeView.swift */,
				C0A1000000000000000000B6 /* BorderedContainer.swift */,
				C0A1000000000000000000B7 /* CustomShapes.swift */,
				B757385330BAAD1CC592BB96 /* DependencyListModel.swift */,
				C0A1000000000000000000B2 /* FoundryHeaderBar.swift */,
				C0A1000000000000000000B3 /* FoundryStatusBar.swift */,
				C0A1000000000000000000B1 /* FoundryTheme.swift */,
				AA3D84E0F9B66518AA9B05F8 /* PluginArtworkView.swift */,
				1D573C52800A8C21F640C8EC /* PluginCard.swift */,
				D859FA6E1B937AA29A392942 /* StepListView.swift */,
				C0A1000000000000000000B9 /* TerminalView.swift */,
				C0A1000000000000000000B4 /* WindowChromeBar.swift */,
			);
			path = Components;
			sourceTree = "<group>";
		};
		5C297B163F503F4367B07CAD /* Views */ = {
			isa = PBXGroup;
			children = (
				412BC7CF60DC740C3DE4DFB1 /* ErrorView.swift */,
				3AABD14C81BD24623C0607BB /* GenerationProgressView.swift */,
				C3EE70BE829D987076CBC625 /* PluginDetailView.swift */,
				9861DA9A7D015E767E7908D5 /* PluginLibraryView.swift */,
				330DA4467113497C40DE0744 /* WelcomeView.swift */,
				BB69D6CB5EE2903F1755F2BD /* PromptView.swift */,
				DD63B0B69B661DD62739C874 /* QuickOptionsView.swift */,
				FD87798E4D6622F313640CB5 /* RefineProgressView.swift */,
				B7B720FD5B7CCC0031786F1D /* RefineView.swift */,
				BB4CE5638194D3E319878858 /* ResultView.swift */,
				F75004640D40807A6FE43589 /* SettingsView.swift */,
				11F0B8ACE372F6DC5016FB8C /* SetupView.swift */,
			);
			path = Views;
			sourceTree = "<group>";
		};
		7F23104490434BFC76E45BA7 /* App */ = {
			isa = PBXGroup;
			children = (
				782AB7F195D49E942815B984 /* ContentView.swift */,
				062329561A5C9490BE3CADA5 /* FoundryApp.swift */,
			);
			path = App;
			sourceTree = "<group>";
		};
		AE279E737A448DF8A68005C7 /* Foundry */ = {
			isa = PBXGroup;
			children = (
				272AA57049A5DC372AA93659 /* Assets.xcassets */,
				7F23104490434BFC76E45BA7 /* App */,
				55C30D0A6DF15677590182EE /* Components */,
				CFB7510603FB0FCA9F67A2F8 /* Models */,
				D1F0A2B3C4E5F6A7B8C9D0E6 /* Resources */,
				AF6AAB9DD2AED4A73CF86AFE /* Services */,
				5C297B163F503F4367B07CAD /* Views */,
			);
			path = Foundry;
			sourceTree = "<group>";
		};
		AF6AAB9DD2AED4A73CF86AFE /* Services */ = {
			isa = PBXGroup;
			children = (
				FA1B2C3D4E5F6A7B8C9D0E10 /* BuildDirectoryCleaner.swift */,
				59721C7CB1B123A16D085022 /* BuildLoop.swift */,
				38B4DABF3C7AF6853CB160E3 /* BuildRunner.swift */,
				BAA4AA1400D0A8005F16FC9D /* ClaudeCodeService.swift */,
				B69E79AA8740BF14CDC02F3E /* DependencyChecker.swift */,
				1040BD9D4DE4D2A55075D593 /* FoundryPaths.swift */,
				7C1774C2EE1F0C15BF39B1E7 /* GenerationPipeline.swift */,
				9CECA854D6D9CF69BA7E8F4B /* GenerationQualityEnforcer.swift */,
				57B605714B9F34F6DF7C8931 /* PluginBundleInspector.swift */,
				86B86FC5AD40A7F02F1CC6DD /* PluginLogoService.swift */,
				719F23E3AE94C69D68B3847B /* PluginManager.swift */,
				C3FB52A3FEB7D539EBDFF7FD /* ProjectAssembler.swift */,
			);
			path = Services;
			sourceTree = "<group>";
		};
		C9003C9EFED114768A3BEE3B /* Products */ = {
			isa = PBXGroup;
			children = (
				2B4EF4CA927624959E2563C5 /* Foundry.app */,
				515C8F264CF27EAF3CAD8EE9 /* FoundryTests.xctest */,
			);
			name = Products;
			sourceTree = "<group>";
		};
		CFB7510603FB0FCA9F67A2F8 /* Models */ = {
			isa = PBXGroup;
			children = (
				87DAC6800229A279E461E577 /* AppState.swift */,
				C806DCDABFBFF5C60F776E68 /* Plugin.swift */,
			);
			path = Models;
			sourceTree = "<group>";
		};
		D1F0A2B3C4E5F6A7B8C9D0E5 /* Fonts */ = {
			isa = PBXGroup;
			children = (
				D1F0A2B3C4E5F6A7B8C9D0E1 /* FontLoader.swift */,
				D1F0A2B3C4E5F6A7B8C9D0E3 /* ArchitypeStedelijkW00.ttf */,
				A3B7C2D4E5F6A1B2C3D4E5F6 /* AzeretMono.ttf */,
			);
			path = Fonts;
			sourceTree = "<group>";
		};
		D1F0A2B3C4E5F6A7B8C9D0E6 /* Resources */ = {
			isa = PBXGroup;
			children = (
				D1F0A2B3C4E5F6A7B8C9D0E5 /* Fonts */,
			);
			path = Resources;
			sourceTree = "<group>";
		};
/* End PBXGroup section */

/* Begin PBXNativeTarget section */
		58700C86D974137BF1D60F70 /* FoundryTests */ = {
			isa = PBXNativeTarget;
			buildConfigurationList = B2FF633B3A34D26DBDC4019B /* Build configuration list for PBXNativeTarget "FoundryTests" */;
			buildPhases = (
				D454FE160C26DFA1D85F650D /* Sources */,
			);
			buildRules = (
			);
			dependencies = (
				2FC50BC43CE697B726B11902 /* PBXTargetDependency */,
			);
			name = FoundryTests;
			packageProductDependencies = (
			);
			productName = FoundryTests;
			productReference = 515C8F264CF27EAF3CAD8EE9 /* FoundryTests.xctest */;
			productType = "com.apple.product-type.bundle.unit-test";
		};
		7B40409EE3293C3A2B9E01D7 /* Foundry */ = {
			isa = PBXNativeTarget;
			buildConfigurationList = 30FFE5D67DAC3A44D752DE63 /* Build configuration list for PBXNativeTarget "Foundry" */;
			buildPhases = (
				BA13EEE5AA618162AD5D8F2E /* Sources */,
				E04CF58476E097A68BFABD79 /* Resources */,
				1EF97B4312B91CFAD82BB0A3 /* Frameworks */,
			);
			buildRules = (
			);
			dependencies = (
			);
			name = Foundry;
			packageProductDependencies = (
				078D7B01F8D516A260C47C7D /* StableDiffusion */,
			);
			productName = Foundry;
			productReference = 2B4EF4CA927624959E2563C5 /* Foundry.app */;
			productType = "com.apple.product-type.application";
		};
/* End PBXNativeTarget section */

/* Begin PBXProject section */
		D7CDA6D887D89C16EFA0C4D7 /* Project object */ = {
			isa = PBXProject;
			attributes = {
				BuildIndependentTargetsInParallel = YES;
				LastUpgradeCheck = 2600;
				TargetAttributes = {
				};
			};
			buildConfigurationList = FAEF75990D9227C53F78C061 /* Build configuration list for PBXProject "Foundry" */;
			developmentRegion = en;
			hasScannedForEncodings = 0;
			knownRegions = (
				Base,
				en,
			);
			mainGroup = 0A106A4E06B6D2B1B97935AA;
			minimizedProjectReferenceProxies = 1;
			packageReferences = (
				3542F2D3101DCCD50036EC85 /* XCRemoteSwiftPackageReference "ml-stable-diffusion" */,
			);
			preferredProjectObjectVersion = 77;
			productRefGroup = C9003C9EFED114768A3BEE3B /* Products */;
			projectDirPath = "";
			projectRoot = "";
			targets = (
				7B40409EE3293C3A2B9E01D7 /* Foundry */,
				58700C86D974137BF1D60F70 /* FoundryTests */,
			);
		};
/* End PBXProject section */

/* Begin PBXResourcesBuildPhase section */
		E04CF58476E097A68BFABD79 /* Resources */ = {
			isa = PBXResourcesBuildPhase;
			buildActionMask = 2147483647;
			files = (
				618695CF77938A4C12B11984 /* Assets.xcassets in Resources */,
				D1F0A2B3C4E5F6A7B8C9D0E4 /* ArchitypeStedelijkW00.ttf in Resources */,
				A3B7C2D4E5F6A1B2C3D4E5F7 /* AzeretMono.ttf in Resources */,
			);
			runOnlyForDeploymentPostprocessing = 0;
		};
/* End PBXResourcesBuildPhase section */

/* Begin PBXSourcesBuildPhase section */
		BA13EEE5AA618162AD5D8F2E /* Sources */ = {
			isa = PBXSourcesBuildPhase;
			buildActionMask = 2147483647;
			files = (
				A1265A86DB463593D54DE32F /* AppState.swift in Sources */,
				FA1B2C3D4E5F6A7B8C9D0E1F /* BuildDirectoryCleaner.swift in Sources */,
				9DFDEA818E8C4F10CD83C6E9 /* BuildLoop.swift in Sources */,
				F5792873BBD9760CE5F175CD /* BuildRunner.swift in Sources */,
				2F9FCED647AE1F3260B3AE3E /* ClaudeCodeService.swift in Sources */,
				A944A4D0305412243F43C75B /* ContentView.swift in Sources */,
				23D67101A4F2137DD885B032 /* DependencyChecker.swift in Sources */,
				7256639E17819BF99D5BAA78 /* DependencyListModel.swift in Sources */,
				9BABB46CC5D63214A68CDB54 /* ErrorView.swift in Sources */,
				35EDBA20A32AE39CA31D493F /* FoundryApp.swift in Sources */,
				5C1CFA77E9C4E3D9AB009A51 /* FoundryPaths.swift in Sources */,
				6D6AEFE51B6FDC1DFB20C16F /* GenerationPipeline.swift in Sources */,
				FF2CD908198CBA2E80A3013D /* GenerationProgressView.swift in Sources */,
				E6460DE362156405A07D20DF /* GenerationQualityEnforcer.swift in Sources */,
				8F62055B3F66E39E34698C84 /* Plugin.swift in Sources */,
				CB4E222D4684ECCB9453B609 /* PluginArtworkView.swift in Sources */,
				E02EC21CA9ABD9D13A3CE1E6 /* PluginBundleInspector.swift in Sources */,
				393A7A9567D8321B5D64581D /* PluginCard.swift in Sources */,
				B5F2D7D605AF8A718025987B /* PluginDetailView.swift in Sources */,
				3AE99668365C08959FB76B1F /* PluginLibraryView.swift in Sources */,
				BCEA59E113057D8400522A73 /* WelcomeView.swift in Sources */,
				E9B4B7650C26B7875EDF66F5 /* PluginLogoService.swift in Sources */,
				C20595A79857CCEA7F4B232B /* PluginManager.swift in Sources */,
				301815F14418B44F12D68E6E /* ProjectAssembler.swift in Sources */,
				86DC86F9E65EB121BAAA6E4B /* PromptView.swift in Sources */,
				D3CFF3BB8CB2AA0D1C23CAFA /* QuickOptionsView.swift in Sources */,
				090AF414F35582CB7DBA8CA3 /* RefineProgressView.swift in Sources */,
				07CDA240F28CA4F534693A2A /* RefineView.swift in Sources */,
				8502215EAB71ADC5A00BED70 /* ResultView.swift in Sources */,
				AF2D89AC5EED252B56D3D793 /* SettingsView.swift in Sources */,
				46F97EDD013A980C36506FC2 /* SetupView.swift in Sources */,
				1DB09B2440A1B060E3CABF0C /* StepListView.swift in Sources */,
				C0A1000000000000000000A1 /* FoundryTheme.swift in Sources */,
				C0A1000000000000000000A2 /* FoundryHeaderBar.swift in Sources */,
				C0A1000000000000000000A3 /* FoundryStatusBar.swift in Sources */,
				C0A1000000000000000000A4 /* WindowChromeBar.swift in Sources */,
				C0A1000000000000000000A5 /* BadgeView.swift in Sources */,
				C0A1000000000000000000A6 /* BorderedContainer.swift in Sources */,
				C0A1000000000000000000A7 /* CustomShapes.swift in Sources */,
				C0A1000000000000000000A8 /* AbstractArtwork.swift in Sources */,
				C0A1000000000000000000A9 /* TerminalView.swift in Sources */,
				D1F0A2B3C4E5F6A7B8C9D0E2 /* FontLoader.swift in Sources */,
			);
			runOnlyForDeploymentPostprocessing = 0;
		};
		D454FE160C26DFA1D85F650D /* Sources */ = {
			isa = PBXSourcesBuildPhase;
			buildActionMask = 2147483647;
			files = (
				86791B8E09C59944FF09FDE1 /* BuildLoopTests.swift in Sources */,
				AB1234560000000000000001 /* ClaudeCodeServiceTests.swift in Sources */,
				AB1234560000000000000003 /* PromptContractTests.swift in Sources */,
			);
			runOnlyForDeploymentPostprocessing = 0;
		};
/* End PBXSourcesBuildPhase section */

/* Begin PBXTargetDependency section */
		2FC50BC43CE697B726B11902 /* PBXTargetDependency */ = {
			isa = PBXTargetDependency;
			target = 7B40409EE3293C3A2B9E01D7 /* Foundry */;
			targetProxy = 3F9D309D67FEBA4682BAF953 /* PBXContainerItemProxy */;
		};
/* End PBXTargetDependency section */

/* Begin XCBuildConfiguration section */
		040BDF4DAE1904E831F55BDF /* Debug */ = {
			isa = XCBuildConfiguration;
			buildSettings = {
				BUNDLE_LOADER = "$(TEST_HOST)";
				COMBINE_HIDPI_IMAGES = YES;
				GENERATE_INFOPLIST_FILE = YES;
				LD_RUNPATH_SEARCH_PATHS = (
					"$(inherited)",
					"@executable_path/../Frameworks",
					"@loader_path/../Frameworks",
				);
				PRODUCT_BUNDLE_IDENTIFIER = com.foundry.FoundryTests;
				SDKROOT = macosx;
				TEST_HOST = "$(BUILT_PRODUCTS_DIR)/Foundry.app/Contents/MacOS/Foundry";
			};
			name = Debug;
		};
		11CBAF828C29A89649C7F579 /* Release */ = {
			isa = XCBuildConfiguration;
			buildSettings = {
				ASSETCATALOG_COMPILER_APPICON_NAME = AppIcon;
				ASSETCATALOG_COMPILER_GLOBAL_ACCENT_COLOR_NAME = AccentColor;
				COMBINE_HIDPI_IMAGES = YES;
				CURRENT_PROJECT_VERSION = 1;
				ENABLE_PREVIEWS = YES;
				GENERATE_INFOPLIST_FILE = YES;
				INFOPLIST_KEY_CFBundleDisplayName = Foundry;
				INFOPLIST_KEY_LSApplicationCategoryType = "public.app-category.music";
				LD_RUNPATH_SEARCH_PATHS = (
					"$(inherited)",
					"@executable_path/../Frameworks",
				);
				MARKETING_VERSION = 0.1.0;
				PRODUCT_BUNDLE_IDENTIFIER = com.foundry.app;
				PRODUCT_NAME = Foundry;
				SDKROOT = macosx;
				SWIFT_EMIT_LOC_STRINGS = YES;
			};
			name = Release;
		};
		21542293EC99B815FEA3E631 /* Release */ = {
			isa = XCBuildConfiguration;
			buildSettings = {
				ALWAYS_SEARCH_USER_PATHS = NO;
				CLANG_ANALYZER_NONNULL = YES;
				CLANG_ANALYZER_NUMBER_OBJECT_CONVERSION = YES_AGGRESSIVE;
				CLANG_CXX_LANGUAGE_STANDARD = "gnu++14";
				CLANG_CXX_LIBRARY = "libc++";
				CLANG_ENABLE_MODULES = YES;
				CLANG_ENABLE_OBJC_ARC = YES;
				CLANG_ENABLE_OBJC_WEAK = YES;
				CLANG_WARN_BLOCK_CAPTURE_AUTORELEASING = YES;
				CLANG_WARN_BOOL_CONVERSION = YES;
				CLANG_WARN_COMMA = YES;
				CLANG_WARN_CONSTANT_CONVERSION = YES;
				CLANG_WARN_DEPRECATED_OBJC_IMPLEMENTATIONS = YES;
				CLANG_WARN_DIRECT_OBJC_ISA_USAGE = YES_ERROR;
				CLANG_WARN_DOCUMENTATION_COMMENTS = YES;
				CLANG_WARN_EMPTY_BODY = YES;
				CLANG_WARN_ENUM_CONVERSION = YES;
				CLANG_WARN_INFINITE_RECURSION = YES;
				CLANG_WARN_INT_CONVERSION = YES;
				CLANG_WARN_NON_LITERAL_NULL_CONVERSION = YES;
				CLANG_WARN_OBJC_IMPLICIT_RETAIN_SELF = YES;
				CLANG_WARN_OBJC_LITERAL_CONVERSION = YES;
				CLANG_WARN_OBJC_ROOT_CLASS = YES_ERROR;
				CLANG_WARN_QUOTED_INCLUDE_IN_FRAMEWORK_HEADER = YES;
				CLANG_WARN_RANGE_LOOP_ANALYSIS = YES;
				CLANG_WARN_STRICT_PROTOTYPES = YES;
				CLANG_WARN_SUSPICIOUS_MOVE = YES;
				CLANG_WARN_UNGUARDED_AVAILABILITY = YES_AGGRESSIVE;
				CLANG_WARN_UNREACHABLE_CODE = YES;
				CLANG_WARN__DUPLICATE_METHOD_MATCH = YES;
				COPY_PHASE_STRIP = NO;
				DEBUG_INFORMATION_FORMAT = "dwarf-with-dsym";
				ENABLE_NS_ASSERTIONS = NO;
				ENABLE_STRICT_OBJC_MSGSEND = YES;
				GCC_C_LANGUAGE_STANDARD = gnu11;
				GCC_NO_COMMON_BLOCKS = YES;
				GCC_WARN_64_TO_32_BIT_CONVERSION = YES;
				GCC_WARN_ABOUT_RETURN_TYPE = YES_ERROR;
				GCC_WARN_UNDECLARED_SELECTOR = YES;
				GCC_WARN_UNINITIALIZED_AUTOS = YES_AGGRESSIVE;
				GCC_WARN_UNUSED_FUNCTION = YES;
				GCC_WARN_UNUSED_VARIABLE = YES;
				MACOSX_DEPLOYMENT_TARGET = 26.0;
				MTL_ENABLE_DEBUG_INFO = NO;
				MTL_FAST_MATH = YES;
				PRODUCT_NAME = "$(TARGET_NAME)";
				SDKROOT = macosx;
				SWIFT_COMPILATION_MODE = wholemodule;
				SWIFT_OPTIMIZATION_LEVEL = "-O";
				SWIFT_VERSION = 6.2;
			};
			name = Release;
		};
		479038BE70A62F6EEBE36653 /* Release */ = {
			isa = XCBuildConfiguration;
			buildSettings = {
				BUNDLE_LOADER = "$(TEST_HOST)";
				COMBINE_HIDPI_IMAGES = YES;
				GENERATE_INFOPLIST_FILE = YES;
				LD_RUNPATH_SEARCH_PATHS = (
					"$(inherited)",
					"@executable_path/../Frameworks",
					"@loader_path/../Frameworks",
				);
				PRODUCT_BUNDLE_IDENTIFIER = com.foundry.FoundryTests;
				SDKROOT = macosx;
				TEST_HOST = "$(BUILT_PRODUCTS_DIR)/Foundry.app/Contents/MacOS/Foundry";
			};
			name = Release;
		};
		4BEC8184F070228F07CAE758 /* Debug */ = {
			isa = XCBuildConfiguration;
			buildSettings = {
				ALWAYS_SEARCH_USER_PATHS = NO;
				CLANG_ANALYZER_NONNULL = YES;
				CLANG_ANALYZER_NUMBER_OBJECT_CONVERSION = YES_AGGRESSIVE;
				CLANG_CXX_LANGUAGE_STANDARD = "gnu++14";
				CLANG_CXX_LIBRARY = "libc++";
				CLANG_ENABLE_MODULES = YES;
				CLANG_ENABLE_OBJC_ARC = YES;
				CLANG_ENABLE_OBJC_WEAK = YES;
				CLANG_WARN_BLOCK_CAPTURE_AUTORELEASING = YES;
				CLANG_WARN_BOOL_CONVERSION = YES;
				CLANG_WARN_COMMA = YES;
				CLANG_WARN_CONSTANT_CONVERSION = YES;
				CLANG_WARN_DEPRECATED_OBJC_IMPLEMENTATIONS = YES;
				CLANG_WARN_DIRECT_OBJC_ISA_USAGE = YES_ERROR;
				CLANG_WARN_DOCUMENTATION_COMMENTS = YES;
				CLANG_WARN_EMPTY_BODY = YES;
				CLANG_WARN_ENUM_CONVERSION = YES;
				CLANG_WARN_INFINITE_RECURSION = YES;
				CLANG_WARN_INT_CONVERSION = YES;
				CLANG_WARN_NON_LITERAL_NULL_CONVERSION = YES;
				CLANG_WARN_OBJC_IMPLICIT_RETAIN_SELF = YES;
				CLANG_WARN_OBJC_LITERAL_CONVERSION = YES;
				CLANG_WARN_OBJC_ROOT_CLASS = YES_ERROR;
				CLANG_WARN_QUOTED_INCLUDE_IN_FRAMEWORK_HEADER = YES;
				CLANG_WARN_RANGE_LOOP_ANALYSIS = YES;
				CLANG_WARN_STRICT_PROTOTYPES = YES;
				CLANG_WARN_SUSPICIOUS_MOVE = YES;
				CLANG_WARN_UNGUARDED_AVAILABILITY = YES_AGGRESSIVE;
				CLANG_WARN_UNREACHABLE_CODE = YES;
				CLANG_WARN__DUPLICATE_METHOD_MATCH = YES;
				COPY_PHASE_STRIP = NO;
				DEBUG_INFORMATION_FORMAT = dwarf;
				ENABLE_STRICT_OBJC_MSGSEND = YES;
				ENABLE_TESTABILITY = YES;
				GCC_C_LANGUAGE_STANDARD = gnu11;
				GCC_DYNAMIC_NO_PIC = NO;
				GCC_NO_COMMON_BLOCKS = YES;
				GCC_OPTIMIZATION_LEVEL = 0;
				GCC_PREPROCESSOR_DEFINITIONS = (
					"$(inherited)",
					"DEBUG=1",
				);
				GCC_WARN_64_TO_32_BIT_CONVERSION = YES;
				GCC_WARN_ABOUT_RETURN_TYPE = YES_ERROR;
				GCC_WARN_UNDECLARED_SELECTOR = YES;
				GCC_WARN_UNINITIALIZED_AUTOS = YES_AGGRESSIVE;
				GCC_WARN_UNUSED_FUNCTION = YES;
				GCC_WARN_UNUSED_VARIABLE = YES;
				MACOSX_DEPLOYMENT_TARGET = 26.0;
				MTL_ENABLE_DEBUG_INFO = INCLUDE_SOURCE;
				MTL_FAST_MATH = YES;
				ONLY_ACTIVE_ARCH = YES;
				PRODUCT_NAME = "$(TARGET_NAME)";
				SDKROOT = macosx;
				SWIFT_ACTIVE_COMPILATION_CONDITIONS = DEBUG;
				SWIFT_OPTIMIZATION_LEVEL = "-Onone";
				SWIFT_VERSION = 6.2;
			};
			name = Debug;
		};
		D763987710691F748156DFA0 /* Debug */ = {
			isa = XCBuildConfiguration;
			buildSettings = {
				ASSETCATALOG_COMPILER_APPICON_NAME = AppIcon;
				ASSETCATALOG_COMPILER_GLOBAL_ACCENT_COLOR_NAME = AccentColor;
				COMBINE_HIDPI_IMAGES = YES;
				CURRENT_PROJECT_VERSION = 1;
				ENABLE_PREVIEWS = YES;
				GENERATE_INFOPLIST_FILE = YES;
				INFOPLIST_KEY_CFBundleDisplayName = Foundry;
				INFOPLIST_KEY_LSApplicationCategoryType = "public.app-category.music";
				LD_RUNPATH_SEARCH_PATHS = (
					"$(inherited)",
					"@executable_path/../Frameworks",
				);
				MARKETING_VERSION = 0.1.0;
				PRODUCT_BUNDLE_IDENTIFIER = com.foundry.app;
				PRODUCT_NAME = Foundry;
				SDKROOT = macosx;
				SWIFT_EMIT_LOC_STRINGS = YES;
			};
			name = Debug;
		};
/* End XCBuildConfiguration section */

/* Begin XCConfigurationList section */
		30FFE5D67DAC3A44D752DE63 /* Build configuration list for PBXNativeTarget "Foundry" */ = {
			isa = XCConfigurationList;
			buildConfigurations = (
				D763987710691F748156DFA0 /* Debug */,
				11CBAF828C29A89649C7F579 /* Release */,
			);
			defaultConfigurationIsVisible = 0;
			defaultConfigurationName = Debug;
		};
		B2FF633B3A34D26DBDC4019B /* Build configuration list for PBXNativeTarget "FoundryTests" */ = {
			isa = XCConfigurationList;
			buildConfigurations = (
				040BDF4DAE1904E831F55BDF /* Debug */,
				479038BE70A62F6EEBE36653 /* Release */,
			);
			defaultConfigurationIsVisible = 0;
			defaultConfigurationName = Debug;
		};
		FAEF75990D9227C53F78C061 /* Build configuration list for PBXProject "Foundry" */ = {
			isa = XCConfigurationList;
			buildConfigurations = (
				4BEC8184F070228F07CAE758 /* Debug */,
				21542293EC99B815FEA3E631 /* Release */,
			);
			defaultConfigurationIsVisible = 0;
			defaultConfigurationName = Debug;
		};
/* End XCConfigurationList section */

/* Begin XCRemoteSwiftPackageReference section */
		3542F2D3101DCCD50036EC85 /* XCRemoteSwiftPackageReference "ml-stable-diffusion" */ = {
			isa = XCRemoteSwiftPackageReference;
			repositoryURL = "https://github.com/apple/ml-stable-diffusion.git";
			requirement = {
				kind = revision;
				revision = e12202c1f6405b83918b58a5d097cd61e3e1f702;
			};
		};
/* End XCRemoteSwiftPackageReference section */

/* Begin XCSwiftPackageProductDependency section */
		078D7B01F8D516A260C47C7D /* StableDiffusion */ = {
			isa = XCSwiftPackageProductDependency;
			package = 3542F2D3101DCCD50036EC85 /* XCRemoteSwiftPackageReference "ml-stable-diffusion" */;
			productName = StableDiffusion;
		};
/* End XCSwiftPackageProductDependency section */
	};
	rootObject = D7CDA6D887D89C16EFA0C4D7 /* Project object */;
}
